// !$*UTF8*$!
{
	archiveVersion = 1;
	classes = {
	};
	objectVersion = 55;
	objects = {

/* Begin PBXBuildFile section */
		1D8EAC8D27E7909C0024E09F /* Game.swift in Sources */ = {isa = PBXBuildFile; fileRef = 1D8EAC8C27E7909C0024E09F /* Game.swift */; };
		1D8EAC9527E794150024E09F /* BullsEyeTests.swift in Sources */ = {isa = PBXBuildFile; fileRef = 1D8EAC9427E794150024E09F /* BullsEyeTests.swift */; };
		1DDB3B2C27E1202F006E305C /* BullsEyeApp.swift in Sources */ = {isa = PBXBuildFile; fileRef = 1DDB3B2B27E1202F006E305C /* BullsEyeApp.swift */; };
		1DDB3B2E27E1202F006E305C /* ContentView.swift in Sources */ = {isa = PBXBuildFile; fileRef = 1DDB3B2D27E1202F006E305C /* ContentView.swift */; };
		1DDB3B3027E12030006E305C /* Assets.xcassets in Resources */ = {isa = PBXBuildFile; fileRef = 1DDB3B2F27E12030006E305C /* Assets.xcassets */; };
		1DDB3B3327E12030006E305C /* Preview Assets.xcassets in Resources */ = {isa = PBXBuildFile; fileRef = 1DDB3B3227E12030006E305C /* Preview Assets.xcassets */; };
		560FCB7B29F1910800B02477 /* BullsEyeSlowTests.swift in Sources */ = {isa = PBXBuildFile; fileRef = 560FCB7A29F1910800B02477 /* BullsEyeSlowTests.swift */; };
		5629BDBE29D05840003E6EA6 /* BullsEyeTests_1.swift in Sources */ = {isa = PBXBuildFile; fileRef = 5629BDBD29D05840003E6EA6 /* BullsEyeTests_1.swift */; };
/* End PBXBuildFile section */

/* Begin PBXContainerItemProxy section */
		1D8EAC9627E794150024E09F /* PBXContainerItemProxy */ = {
			isa = PBXContainerItemProxy;
			containerPortal = 1DDB3B2027E1202E006E305C /* Project object */;
			proxyType = 1;
			remoteGlobalIDString = 1DDB3B2727E1202E006E305C;
			remoteInfo = BullsEye;
		};
		560FCB7C29F1910800B02477 /* PBXContainerItemProxy */ = {
			isa = PBXContainerItemProxy;
			containerPortal = 1DDB3B2027E1202E006E305C /* Project object */;
			proxyType = 1;
			remoteGlobalIDString = 1DDB3B2727E1202E006E305C;
			remoteInfo = BullsEye;
		};
		5629BDBF29D05840003E6EA6 /* PBXContainerItemProxy */ = {
			isa = PBXContainerItemProxy;
			containerPortal = 1DDB3B2027E1202E006E305C /* Project object */;
			proxyType = 1;
			remoteGlobalIDString = 1DDB3B2727E1202E006E305C;
			remoteInfo = BullsEye;
		};
/* End PBXContainerItemProxy section */

/* Begin PBXFileReference section */
		1D8EAC8C27E7909C0024E09F /* Game.swift */ = {isa = PBXFileReference; lastKnownFileType = sourcecode.swift; path = Game.swift; sourceTree = "<group>"; };
		1D8EAC9227E794150024E09F /* BullsEyeTests.xctest */ = {isa = PBXFileReference; explicitFileType = wrapper.cfbundle; includeInIndex = 0; path = BullsEyeTests.xctest; sourceTree = BUILT_PRODUCTS_DIR; };
		1D8EAC9427E794150024E09F /* BullsEyeTests.swift */ = {isa = PBXFileReference; lastKnownFileType = sourcecode.swift; path = BullsEyeTests.swift; sourceTree = "<group>"; };
		1DDB3B2827E1202F006E305C /* BullsEye.app */ = {isa = PBXFileReference; explicitFileType = wrapper.application; includeInIndex = 0; path = BullsEye.app; sourceTree = BUILT_PRODUCTS_DIR; };
		1DDB3B2B27E1202F006E305C /* BullsEyeApp.swift */ = {isa = PBXFileReference; lastKnownFileType = sourcecode.swift; path = BullsEyeApp.swift; sourceTree = "<group>"; };
		1DDB3B2D27E1202F006E305C /* ContentView.swift */ = {isa = PBXFileReference; lastKnownFileType = sourcecode.swift; path = ContentView.swift; sourceTree = "<group>"; };
		1DDB3B2F27E12030006E305C /* Assets.xcassets */ = {isa = PBXFileReference; lastKnownFileType = folder.assetcatalog; path = Assets.xcassets; sourceTree = "<group>"; };
		1DDB3B3227E12030006E305C /* Preview Assets.xcassets */ = {isa = PBXFileReference; lastKnownFileType = folder.assetcatalog; path = "Preview Assets.xcassets"; sourceTree = "<group>"; };
		560FCB7829F1910800B02477 /* BullsEyeSlowTests.xctest */ = {isa = PBXFileReference; explicitFileType = wrapper.cfbundle; includeInIndex = 0; path = BullsEyeSlowTests.xctest; sourceTree = BUILT_PRODUCTS_DIR; };
		560FCB7A29F1910800B02477 /* BullsEyeSlowTests.swift */ = {isa = PBXFileReference; lastKnownFileType = sourcecode.swift; path = BullsEyeSlowTests.swift; sourceTree = "<group>"; };
		5629BDBB29D05840003E6EA6 /* BullsEyeTests_1.xctest */ = {isa = PBXFileReference; explicitFileType = wrapper.cfbundle; includeInIndex = 0; path = BullsEyeTests_1.xctest; sourceTree = BUILT_PRODUCTS_DIR; };
		5629BDBD29D05840003E6EA6 /* BullsEyeTests_1.swift */ = {isa = PBXFileReference; lastKnownFileType = sourcecode.swift; path = BullsEyeTests_1.swift; sourceTree = "<group>"; };
/* End PBXFileReference section */

/* Begin PBXFrameworksBuildPhase section */
		1D8EAC8F27E794150024E09F /* Frameworks */ = {
			isa = PBXFrameworksBuildPhase;
			buildActionMask = 2147483647;
			files = (
			);
			runOnlyForDeploymentPostprocessing = 0;
		};
		1DDB3B2527E1202E006E305C /* Frameworks */ = {
			isa = PBXFrameworksBuildPhase;
			buildActionMask = 2147483647;
			files = (
			);
			runOnlyForDeploymentPostprocessing = 0;
		};
		560FCB7529F1910800B02477 /* Frameworks */ = {
			isa = PBXFrameworksBuildPhase;
			buildActionMask = 2147483647;
			files = (
			);
			runOnlyForDeploymentPostprocessing = 0;
		};
		5629BDB829D05840003E6EA6 /* Frameworks */ = {
			isa = PBXFrameworksBuildPhase;
			buildActionMask = 2147483647;
			files = (
			);
			runOnlyForDeploymentPostprocessing = 0;
		};
/* End PBXFrameworksBuildPhase section */

/* Begin PBXGroup section */
		1D8EAC8927E78FFB0024E09F /* Model */ = {
			isa = PBXGroup;
			children = (
				1D8EAC8C27E7909C0024E09F /* Game.swift */,
			);
			path = Model;
			sourceTree = "<group>";
		};
		1D8EAC8A27E790000024E09F /* View */ = {
			isa = PBXGroup;
			children = (
				1DDB3B2D27E1202F006E305C /* ContentView.swift */,
			);
			path = View;
			sourceTree = "<group>";
		};
		1D8EAC8B27E7900F0024E09F /* App */ = {
			isa = PBXGroup;
			children = (
				1DDB3B2F27E12030006E305C /* Assets.xcassets */,
				1DDB3B2B27E1202F006E305C /* BullsEyeApp.swift */,
			);
			path = App;
			sourceTree = "<group>";
		};
		1D8EAC9327E794150024E09F /* BullsEyeTests */ = {
			isa = PBXGroup;
			children = (
				1D8EAC9427E794150024E09F /* BullsEyeTests.swift */,
			);
			path = BullsEyeTests;
			sourceTree = "<group>";
		};
		1DDB3B1F27E1202E006E305C = {
			isa = PBXGroup;
			children = (
				1DDB3B2A27E1202F006E305C /* BullsEye */,
				1D8EAC9327E794150024E09F /* BullsEyeTests */,
				5629BDBC29D05840003E6EA6 /* BullsEyeTests_1 */,
				560FCB7929F1910800B02477 /* BullsEyeSlowTests */,
				1DDB3B2927E1202F006E305C /* Products */,
			);
			sourceTree = "<group>";
		};
		1DDB3B2927E1202F006E305C /* Products */ = {
			isa = PBXGroup;
			children = (
				1DDB3B2827E1202F006E305C /* BullsEye.app */,
				1D8EAC9227E794150024E09F /* BullsEyeTests.xctest */,
				5629BDBB29D05840003E6EA6 /* BullsEyeTests_1.xctest */,
				560FCB7829F1910800B02477 /* BullsEyeSlowTests.xctest */,
			);
			name = Products;
			sourceTree = "<group>";
		};
		1DDB3B2A27E1202F006E305C /* BullsEye */ = {
			isa = PBXGroup;
			children = (
				1D8EAC8B27E7900F0024E09F /* App */,
				1D8EAC8A27E790000024E09F /* View */,
				1D8EAC8927E78FFB0024E09F /* Model */,
				1DDB3B3127E12030006E305C /* Preview Content */,
			);
			path = BullsEye;
			sourceTree = "<group>";
		};
		1DDB3B3127E12030006E305C /* Preview Content */ = {
			isa = PBXGroup;
			children = (
				1DDB3B3227E12030006E305C /* Preview Assets.xcassets */,
			);
			path = "Preview Content";
			sourceTree = "<group>";
		};
		560FCB7929F1910800B02477 /* BullsEyeSlowTests */ = {
			isa = PBXGroup;
			children = (
				560FCB7A29F1910800B02477 /* BullsEyeSlowTests.swift */,
			);
			path = BullsEyeSlowTests;
			sourceTree = "<group>";
		};
		5629BDBC29D05840003E6EA6 /* BullsEyeTests_1 */ = {
			isa = PBXGroup;
			children = (
				5629BDBD29D05840003E6EA6 /* BullsEyeTests_1.swift */,
			);
			path = BullsEyeTests_1;
			sourceTree = "<group>";
		};
/* End PBXGroup section */

/* Begin PBXNativeTarget section */
		1D8EAC9127E794150024E09F /* BullsEyeTests */ = {
			isa = PBXNativeTarget;
			buildConfigurationList = 1D8EAC9827E794150024E09F /* Build configuration list for PBXNativeTarget "BullsEyeTests" */;
			buildPhases = (
				1D8EAC8E27E794150024E09F /* Sources */,
				1D8EAC8F27E794150024E09F /* Frameworks */,
				1D8EAC9027E794150024E09F /* Resources */,
			);
			buildRules = (
			);
			dependencies = (
				1D8EAC9727E794150024E09F /* PBXTargetDependency */,
			);
			name = BullsEyeTests;
			productName = BullsEyeTests;
			productReference = 1D8EAC9227E794150024E09F /* BullsEyeTests.xctest */;
			productType = "com.apple.product-type.bundle.unit-test";
		};
		1DDB3B2727E1202E006E305C /* BullsEye */ = {
			isa = PBXNativeTarget;
			buildConfigurationList = 1DDB3B3627E12030006E305C /* Build configuration list for PBXNativeTarget "BullsEye" */;
			buildPhases = (
				1DDB3B2427E1202E006E305C /* Sources */,
				1DDB3B2527E1202E006E305C /* Frameworks */,
				1DDB3B2627E1202E006E305C /* Resources */,
			);
			buildRules = (
			);
			dependencies = (
			);
			name = BullsEye;
			productName = BullsEye;
			productReference = 1DDB3B2827E1202F006E305C /* BullsEye.app */;
			productType = "com.apple.product-type.application";
		};
		560FCB7729F1910800B02477 /* BullsEyeSlowTests */ = {
			isa = PBXNativeTarget;
			buildConfigurationList = 560FCB8029F1910800B02477 /* Build configuration list for PBXNativeTarget "BullsEyeSlowTests" */;
			buildPhases = (
				560FCB7429F1910800B02477 /* Sources */,
				560FCB7529F1910800B02477 /* Frameworks */,
				560FCB7629F1910800B02477 /* Resources */,
			);
			buildRules = (
			);
			dependencies = (
				560FCB7D29F1910800B02477 /* PBXTargetDependency */,
			);
			name = BullsEyeSlowTests;
			productName = BullsEyeSlowTests;
			productReference = 560FCB7829F1910800B02477 /* BullsEyeSlowTests.xctest */;
			productType = "com.apple.product-type.bundle.unit-test";
		};
		5629BDBA29D05840003E6EA6 /* BullsEyeTests_1 */ = {
			isa = PBXNativeTarget;
			buildConfigurationList = 5629BDC329D05840003E6EA6 /* Build configuration list for PBXNativeTarget "BullsEyeTests_1" */;
			buildPhases = (
				5629BDB729D05840003E6EA6 /* Sources */,
				5629BDB829D05840003E6EA6 /* Frameworks */,
				5629BDB929D05840003E6EA6 /* Resources */,
			);
			buildRules = (
			);
			dependencies = (
				5629BDC029D05840003E6EA6 /* PBXTargetDependency */,
			);
			name = BullsEyeTests_1;
			productName = BullsEyeTests_1;
			productReference = 5629BDBB29D05840003E6EA6 /* BullsEyeTests_1.xctest */;
			productType = "com.apple.product-type.bundle.unit-test";
		};
/* End PBXNativeTarget section */

/* Begin PBXProject section */
		1DDB3B2027E1202E006E305C /* Project object */ = {
			isa = PBXProject;
			attributes = {
				BuildIndependentTargetsInParallel = 1;
				LastSwiftUpdateCheck = 1320;
				LastUpgradeCheck = 1320;
				TargetAttributes = {
					1D8EAC9127E794150024E09F = {
						CreatedOnToolsVersion = 13.2.1;
						TestTargetID = 1DDB3B2727E1202E006E305C;
					};
					1DDB3B2727E1202E006E305C = {
						CreatedOnToolsVersion = 13.2.1;
					};
					560FCB7729F1910800B02477 = {
						CreatedOnToolsVersion = 13.2;
						TestTargetID = 1DDB3B2727E1202E006E305C;
					};
					5629BDBA29D05840003E6EA6 = {
						CreatedOnToolsVersion = 13.2;
						TestTargetID = 1DDB3B2727E1202E006E305C;
					};
				};
			};
			buildConfigurationList = 1DDB3B2327E1202E006E305C /* Build configuration list for PBXProject "BullsEye" */;
			compatibilityVersion = "Xcode 13.0";
			developmentRegion = en;
			hasScannedForEncodings = 0;
			knownRegions = (
				en,
				Base,
			);
			mainGroup = 1DDB3B1F27E1202E006E305C;
			productRefGroup = 1DDB3B2927E1202F006E305C /* Products */;
			projectDirPath = "";
			projectRoot = "";
			targets = (
				1DDB3B2727E1202E006E305C /* BullsEye */,
				1D8EAC9127E794150024E09F /* BullsEyeTests */,
				5629BDBA29D05840003E6EA6 /* BullsEyeTests_1 */,
				560FCB7729F1910800B02477 /* BullsEyeSlowTests */,
			);
		};
/* End PBXProject section */

/* Begin PBXResourcesBuildPhase section */
		1D8EAC9027E794150024E09F /* Resources */ = {
			isa = PBXResourcesBuildPhase;
			buildActionMask = 2147483647;
			files = (
			);
			runOnlyForDeploymentPostprocessing = 0;
		};
		1DDB3B2627E1202E006E305C /* Resources */ = {
			isa = PBXResourcesBuildPhase;
			buildActionMask = 2147483647;
			files = (
				1DDB3B3327E12030006E305C /* Preview Assets.xcassets in Resources */,
				1DDB3B3027E12030006E305C /* Assets.xcassets in Resources */,
			);
			runOnlyForDeploymentPostprocessing = 0;
		};
		560FCB7629F1910800B02477 /* Resources */ = {
			isa = PBXResourcesBuildPhase;
			buildActionMask = 2147483647;
			files = (
			);
			runOnlyForDeploymentPostprocessing = 0;
		};
		5629BDB929D05840003E6EA6 /* Resources */ = {
			isa = PBXResourcesBuildPhase;
			buildActionMask = 2147483647;
			files = (
			);
			runOnlyForDeploymentPostprocessing = 0;
		};
/* End PBXResourcesBuildPhase section */

/* Begin PBXSourcesBuildPhase section */
		1D8EAC8E27E794150024E09F /* Sources */ = {
			isa = PBXSourcesBuildPhase;
			buildActionMask = 2147483647;
			files = (
				1D8EAC9527E794150024E09F /* BullsEyeTests.swift in Sources */,
			);
			runOnlyForDeploymentPostprocessing = 0;
		};
		1DDB3B2427E1202E006E305C /* Sources */ = {
			isa = PBXSourcesBuildPhase;
			buildActionMask = 2147483647;
			files = (
				1DDB3B2E27E1202F006E305C /* ContentView.swift in Sources */,
				1D8EAC8D27E7909C0024E09F /* Game.swift in Sources */,
				1DDB3B2C27E1202F006E305C /* BullsEyeApp.swift in Sources */,
			);
			runOnlyForDeploymentPostprocessing = 0;
		};
		560FCB7429F1910800B02477 /* Sources */ = {
			isa = PBXSourcesBuildPhase;
			buildActionMask = 2147483647;
			files = (
				560FCB7B29F1910800B02477 /* BullsEyeSlowTests.swift in Sources */,
			);
			runOnlyForDeploymentPostprocessing = 0;
		};
		5629BDB729D05840003E6EA6 /* Sources */ = {
			isa = PBXSourcesBuildPhase;
			buildActionMask = 2147483647;
			files = (
				5629BDBE29D05840003E6EA6 /* BullsEyeTests_1.swift in Sources */,
			);
			runOnlyForDeploymentPostprocessing = 0;
		};
/* End PBXSourcesBuildPhase section */

/* Begin PBXTargetDependency section */
		1D8EAC9727E794150024E09F /* PBXTargetDependency */ = {
			isa = PBXTargetDependency;
			target = 1DDB3B2727E1202E006E305C /* BullsEye */;
			targetProxy = 1D8EAC9627E794150024E09F /* PBXContainerItemProxy */;
		};
		560FCB7D29F1910800B02477 /* PBXTargetDependency */ = {
			isa = PBXTargetDependency;
			target = 1DDB3B2727E1202E006E305C /* BullsEye */;
			targetProxy = 560FCB7C29F1910800B02477 /* PBXContainerItemProxy */;
		};
		5629BDC029D05840003E6EA6 /* PBXTargetDependency */ = {
			isa = PBXTargetDependency;
			target = 1DDB3B2727E1202E006E305C /* BullsEye */;
			targetProxy = 5629BDBF29D05840003E6EA6 /* PBXContainerItemProxy */;
		};
/* End PBXTargetDependency section */

/* Begin XCBuildConfiguration section */
		1D8EAC9927E794150024E09F /* Debug */ = {
			isa = XCBuildConfiguration;
			buildSettings = {
				BUNDLE_LOADER = "$(TEST_HOST)";
				CODE_SIGN_STYLE = Automatic;
				CURRENT_PROJECT_VERSION = 1;
				DEVELOPMENT_TEAM = QC54JWS8ZR;
				GENERATE_INFOPLIST_FILE = YES;
				IPHONEOS_DEPLOYMENT_TARGET = 15.2;
				MARKETING_VERSION = 1.0;
				PRODUCT_BUNDLE_IDENTIFIER = com.oguzkr.BullsEyeTests;
				PRODUCT_NAME = "$(TARGET_NAME)";
				SWIFT_EMIT_LOC_STRINGS = NO;
				SWIFT_VERSION = 5.0;
				TARGETED_DEVICE_FAMILY = "1,2";
				TEST_HOST = "$(BUILT_PRODUCTS_DIR)/BullsEye.app/BullsEye";
			};
			name = Debug;
		};
		1D8EAC9A27E794150024E09F /* Release */ = {
			isa = XCBuildConfiguration;
			buildSettings = {
				BUNDLE_LOADER = "$(TEST_HOST)";
				CODE_SIGN_STYLE = Automatic;
				CURRENT_PROJECT_VERSION = 1;
				DEVELOPMENT_TEAM = QC54JWS8ZR;
				GENERATE_INFOPLIST_FILE = YES;
				IPHONEOS_DEPLOYMENT_TARGET = 15.2;
				MARKETING_VERSION = 1.0;
				PRODUCT_BUNDLE_IDENTIFIER = com.oguzkr.BullsEyeTests;
				PRODUCT_NAME = "$(TARGET_NAME)";
				SWIFT_EMIT_LOC_STRINGS = NO;
				SWIFT_VERSION = 5.0;
				TARGETED_DEVICE_FAMILY = "1,2";
				TEST_HOST = "$(BUILT_PRODUCTS_DIR)/BullsEye.app/BullsEye";
			};
			name = Release;
		};
		1DDB3B3427E12030006E305C /* Debug */ = {
			isa = XCBuildConfiguration;
			buildSettings = {
				ALWAYS_SEARCH_USER_PATHS = NO;
				CLANG_ANALYZER_NONNULL = YES;
				CLANG_ANALYZER_NUMBER_OBJECT_CONVERSION = YES_AGGRESSIVE;
				CLANG_CXX_LANGUAGE_STANDARD = "gnu++17";
				CLANG_CXX_LIBRARY = "libc++";
				CLANG_ENABLE_MODULES = YES;
				CLANG_ENABLE_OBJC_ARC = YES;
				CLANG_ENABLE_OBJC_WEAK = YES;
				CLANG_WARN_BLOCK_CAPTURE_AUTORELEASING = YES;
				CLANG_WARN_BOOL_CONVERSION = YES;
				CLANG_WARN_COMMA = YES;
				CLANG_WARN_CONSTANT_CONVERSION = YES;
				CLANG_WARN_DEPRECATED_OBJC_IMPLEMENTATIONS = YES;
				CLANG_WARN_DIRECT_OBJC_ISA_USAGE = YES_ERROR;
				CLANG_WARN_DOCUMENTATION_COMMENTS = YES;
				CLANG_WARN_EMPTY_BODY = YES;
				CLANG_WARN_ENUM_CONVERSION = YES;
				CLANG_WARN_INFINITE_RECURSION = YES;
				CLANG_WARN_INT_CONVERSION = YES;
				CLANG_WARN_NON_LITERAL_NULL_CONVERSION = YES;
				CLANG_WARN_OBJC_IMPLICIT_RETAIN_SELF = YES;
				CLANG_WARN_OBJC_LITERAL_CONVERSION = YES;
				CLANG_WARN_OBJC_ROOT_CLASS = YES_ERROR;
				CLANG_WARN_QUOTED_INCLUDE_IN_FRAMEWORK_HEADER = YES;
				CLANG_WARN_RANGE_LOOP_ANALYSIS = YES;
				CLANG_WARN_STRICT_PROTOTYPES = YES;
				CLANG_WARN_SUSPICIOUS_MOVE = YES;
				CLANG_WARN_UNGUARDED_AVAILABILITY = YES_AGGRESSIVE;
				CLANG_WARN_UNREACHABLE_CODE = YES;
				CLANG_WARN__DUPLICATE_METHOD_MATCH = YES;
				COPY_PHASE_STRIP = NO;
				DEBUG_INFORMATION_FORMAT = dwarf;
				ENABLE_STRICT_OBJC_MSGSEND = YES;
				ENABLE_TESTABILITY = YES;
				GCC_C_LANGUAGE_STANDARD = gnu11;
				GCC_DYNAMIC_NO_PIC = NO;
				GCC_NO_COMMON_BLOCKS = YES;
				GCC_OPTIMIZATION_LEVEL = 0;
				GCC_PREPROCESSOR_DEFINITIONS = (
					"DEBUG=1",
					"$(inherited)",
				);
				GCC_WARN_64_TO_32_BIT_CONVERSION = YES;
				GCC_WARN_ABOUT_RETURN_TYPE = YES_ERROR;
				GCC_WARN_UNDECLARED_SELECTOR = YES;
				GCC_WARN_UNINITIALIZED_AUTOS = YES_AGGRESSIVE;
				GCC_WARN_UNUSED_FUNCTION = YES;
				GCC_WARN_UNUSED_VARIABLE = YES;
				IPHONEOS_DEPLOYMENT_TARGET = 13.0;
				MTL_ENABLE_DEBUG_INFO = INCLUDE_SOURCE;
				MTL_FAST_MATH = YES;
				ONLY_ACTIVE_ARCH = YES;
				SDKROOT = iphoneos;
				SWIFT_ACTIVE_COMPILATION_CONDITIONS = DEBUG;
				SWIFT_OPTIMIZATION_LEVEL = "-Onone";
			};
			name = Debug;
		};
		1DDB3B3527E12030006E305C /* Release */ = {
			isa = XCBuildConfiguration;
			buildSettings = {
				ALWAYS_SEARCH_USER_PATHS = NO;
				CLANG_ANALYZER_NONNULL = YES;
				CLANG_ANALYZER_NUMBER_OBJECT_CONVERSION = YES_AGGRESSIVE;
				CLANG_CXX_LANGUAGE_STANDARD = "gnu++17";
				CLANG_CXX_LIBRARY = "libc++";
				CLANG_ENABLE_MODULES = YES;
				CLANG_ENABLE_OBJC_ARC = YES;
				CLANG_ENABLE_OBJC_WEAK = YES;
				CLANG_WARN_BLOCK_CAPTURE_AUTORELEASING = YES;
				CLANG_WARN_BOOL_CONVERSION = YES;
				CLANG_WARN_COMMA = YES;
				CLANG_WARN_CONSTANT_CONVERSION = YES;
				CLANG_WARN_DEPRECATED_OBJC_IMPLEMENTATIONS = YES;
				CLANG_WARN_DIRECT_OBJC_ISA_USAGE = YES_ERROR;
				CLANG_WARN_DOCUMENTATION_COMMENTS = YES;
				CLANG_WARN_EMPTY_BODY = YES;
				CLANG_WARN_ENUM_CONVERSION = YES;
				CLANG_WARN_INFINITE_RECURSION = YES;
				CLANG_WARN_INT_CONVERSION = YES;
				CLANG_WARN_NON_LITERAL_NULL_CONVERSION = YES;
				CLANG_WARN_OBJC_IMPLICIT_RETAIN_SELF = YES;
				CLANG_WARN_OBJC_LITERAL_CONVERSION = YES;
				CLANG_WARN_OBJC_ROOT_CLASS = YES_ERROR;
				CLANG_WARN_QUOTED_INCLUDE_IN_FRAMEWORK_HEADER = YES;
				CLANG_WARN_RANGE_LOOP_ANALYSIS = YES;
				CLANG_WARN_STRICT_PROTOTYPES = YES;
				CLANG_WARN_SUSPICIOUS_MOVE = YES;
				CLANG_WARN_UNGUARDED_AVAILABILITY = YES_AGGRESSIVE;
				CLANG_WARN_UNREACHABLE_CODE = YES;
				CLANG_WARN__DUPLICATE_METHOD_MATCH = YES;
				COPY_PHASE_STRIP = NO;
				DEBUG_INFORMATION_FORMAT = "dwarf-with-dsym";
				ENABLE_NS_ASSERTIONS = NO;
				ENABLE_STRICT_OBJC_MSGSEND = YES;
				GCC_C_LANGUAGE_STANDARD = gnu11;
				GCC_NO_COMMON_BLOCKS = YES;
				GCC_WARN_64_TO_32_BIT_CONVERSION = YES;
				GCC_WARN_ABOUT_RETURN_TYPE = YES_ERROR;
				GCC_WARN_UNDECLARED_SELECTOR = YES;
				GCC_WARN_UNINITIALIZED_AUTOS = YES_AGGRESSIVE;
				GCC_WARN_UNUSED_FUNCTION = YES;
				GCC_WARN_UNUSED_VARIABLE = YES;
				IPHONEOS_DEPLOYMENT_TARGET = 13.0;
				MTL_ENABLE_DEBUG_INFO = NO;
				MTL_FAST_MATH = YES;
				SDKROOT = iphoneos;
				SWIFT_COMPILATION_MODE = wholemodule;
				SWIFT_OPTIMIZATION_LEVEL = "-O";
				VALIDATE_PRODUCT = YES;
			};
			name = Release;
		};
		1DDB3B3727E12030006E305C /* Debug */ = {
			isa = XCBuildConfiguration;
			buildSettings = {
				ASSETCATALOG_COMPILER_APPICON_NAME = AppIcon;
				ASSETCATALOG_COMPILER_GLOBAL_ACCENT_COLOR_NAME = AccentColor;
				CODE_SIGN_STYLE = Automatic;
				CURRENT_PROJECT_VERSION = 1;
				DEVELOPMENT_ASSET_PATHS = "\"BullsEye/Preview Content\"";
				DEVELOPMENT_TEAM = QC54JWS8ZR;
				ENABLE_PREVIEWS = YES;
				GENERATE_INFOPLIST_FILE = YES;
				INFOPLIST_KEY_UIApplicationSceneManifest_Generation = YES;
				INFOPLIST_KEY_UIApplicationSupportsIndirectInputEvents = YES;
				INFOPLIST_KEY_UILaunchScreen_Generation = YES;
				INFOPLIST_KEY_UISupportedInterfaceOrientations = "UIInterfaceOrientationLandscapeLeft UIInterfaceOrientationLandscapeRight";
				INFOPLIST_KEY_UISupportedInterfaceOrientations_iPad = "UIInterfaceOrientationPortrait UIInterfaceOrientationPortraitUpsideDown UIInterfaceOrientationLandscapeLeft UIInterfaceOrientationLandscapeRight";
				INFOPLIST_KEY_UISupportedInterfaceOrientations_iPhone = "UIInterfaceOrientationPortrait UIInterfaceOrientationLandscapeLeft UIInterfaceOrientationLandscapeRight";
				IPHONEOS_DEPLOYMENT_TARGET = 15.0;
				LD_RUNPATH_SEARCH_PATHS = (
					"$(inherited)",
					"@executable_path/Frameworks",
				);
				MARKETING_VERSION = 1.0;
				PRODUCT_BUNDLE_IDENTIFIER = com.oguzkr.BullsEye;
				PRODUCT_NAME = "$(TARGET_NAME)";
				SWIFT_EMIT_LOC_STRINGS = YES;
				SWIFT_VERSION = 5.0;
				TARGETED_DEVICE_FAMILY = 1;
			};
			name = Debug;
		};
		1DDB3B3827E12030006E305C /* Release */ = {
			isa = XCBuildConfiguration;
			buildSettings = {
				ASSETCATALOG_COMPILER_APPICON_NAME = AppIcon;
				ASSETCATALOG_COMPILER_GLOBAL_ACCENT_COLOR_NAME = AccentColor;
				CODE_SIGN_STYLE = Automatic;
				CURRENT_PROJECT_VERSION = 1;
				DEVELOPMENT_ASSET_PATHS = "\"BullsEye/Preview Content\"";
				DEVELOPMENT_TEAM = QC54JWS8ZR;
				ENABLE_PREVIEWS = YES;
				GENERATE_INFOPLIST_FILE = YES;
				INFOPLIST_KEY_UIApplicationSceneManifest_Generation = YES;
				INFOPLIST_KEY_UIApplicationSupportsIndirectInputEvents = YES;
				INFOPLIST_KEY_UILaunchScreen_Generation = YES;
				INFOPLIST_KEY_UISupportedInterfaceOrientations = "UIInterfaceOrientationLandscapeLeft UIInterfaceOrientationLandscapeRight";
				INFOPLIST_KEY_UISupportedInterfaceOrientations_iPad = "UIInterfaceOrientationPortrait UIInterfaceOrientationPortraitUpsideDown UIInterfaceOrientationLandscapeLeft UIInterfaceOrientationLandscapeRight";
				INFOPLIST_KEY_UISupportedInterfaceOrientations_iPhone = "UIInterfaceOrientationPortrait UIInterfaceOrientationLandscapeLeft UIInterfaceOrientationLandscapeRight";
				IPHONEOS_DEPLOYMENT_TARGET = 15.0;
				LD_RUNPATH_SEARCH_PATHS = (
					"$(inherited)",
					"@executable_path/Frameworks",
				);
				MARKETING_VERSION = 1.0;
				PRODUCT_BUNDLE_IDENTIFIER = com.oguzkr.BullsEye;
				PRODUCT_NAME = "$(TARGET_NAME)";
				SWIFT_EMIT_LOC_STRINGS = YES;
				SWIFT_VERSION = 5.0;
				TARGETED_DEVICE_FAMILY = 1;
			};
			name = Release;
		};
		560FCB7E29F1910800B02477 /* Debug */ = {
			isa = XCBuildConfiguration;
			buildSettings = {
				BUNDLE_LOADER = "$(TEST_HOST)";
				CODE_SIGN_STYLE = Automatic;
				CURRENT_PROJECT_VERSION = 1;
				DEVELOPMENT_TEAM = WMN3W52C7Q;
				GENERATE_INFOPLIST_FILE = YES;
				IPHONEOS_DEPLOYMENT_TARGET = 15.2;
				MARKETING_VERSION = 1.0;
				PRODUCT_BUNDLE_IDENTIFIER = com.johnHur.BullsEyeSlowTests;
				PRODUCT_NAME = "$(TARGET_NAME)";
				SWIFT_EMIT_LOC_STRINGS = NO;
				SWIFT_VERSION = 5.0;
				TARGETED_DEVICE_FAMILY = "1,2";
				TEST_HOST = "$(BUILT_PRODUCTS_DIR)/BullsEye.app/BullsEye";
			};
			name = Debug;
		};
		560FCB7F29F1910800B02477 /* Release */ = {
			isa = XCBuildConfiguration;
			buildSettings = {
				BUNDLE_LOADER = "$(TEST_HOST)";
				CODE_SIGN_STYLE = Automatic;
				CURRENT_PROJECT_VERSION = 1;
				DEVELOPMENT_TEAM = WMN3W52C7Q;
				GENERATE_INFOPLIST_FILE = YES;
				IPHONEOS_DEPLOYMENT_TARGET = 15.2;
				MARKETING_VERSION = 1.0;
				PRODUCT_BUNDLE_IDENTIFIER = com.johnHur.BullsEyeSlowTests;
				PRODUCT_NAME = "$(TARGET_NAME)";
				SWIFT_EMIT_LOC_STRINGS = NO;
				SWIFT_VERSION = 5.0;
				TARGETED_DEVICE_FAMILY = "1,2";
				TEST_HOST = "$(BUILT_PRODUCTS_DIR)/BullsEye.app/BullsEye";
			};
			name = Release;
		};
		5629BDC129D05840003E6EA6 /* Debug */ = {
			isa = XCBuildConfiguration;
			buildSettings = {
				BUNDLE_LOADER = "$(TEST_HOST)";
				CODE_SIGN_STYLE = Automatic;
				CURRENT_PROJECT_VERSION = 1;
				DEVELOPMENT_TEAM = WMN3W52C7Q;
				GENERATE_INFOPLIST_FILE = YES;
				IPHONEOS_DEPLOYMENT_TARGET = 15.2;
				MARKETING_VERSION = 1.0;
				PRODUCT_BUNDLE_IDENTIFIER = "com.johnHur.BullsEyeTests-1";
				PRODUCT_NAME = "$(TARGET_NAME)";
				SWIFT_EMIT_LOC_STRINGS = NO;
				SWIFT_VERSION = 5.0;
				TARGETED_DEVICE_FAMILY = "1,2";
				TEST_HOST = "$(BUILT_PRODUCTS_DIR)/BullsEye.app/BullsEye";
			};
			name = Debug;
		};
		5629BDC229D05840003E6EA6 /* Release */ = {
			isa = XCBuildConfiguration;
			buildSettings = {
				BUNDLE_LOADER = "$(TEST_HOST)";
				CODE_SIGN_STYLE = Automatic;
				CURRENT_PROJECT_VERSION = 1;
				DEVELOPMENT_TEAM = WMN3W52C7Q;
				GENERATE_INFOPLIST_FILE = YES;
				IPHONEOS_DEPLOYMENT_TARGET = 15.2;
				MARKETING_VERSION = 1.0;
				PRODUCT_BUNDLE_IDENTIFIER = "com.johnHur.BullsEyeTests-1";
				PRODUCT_NAME = "$(TARGET_NAME)";
				SWIFT_EMIT_LOC_STRINGS = NO;
				SWIFT_VERSION = 5.0;
				TARGETED_DEVICE_FAMILY = "1,2";
				TEST_HOST = "$(BUILT_PRODUCTS_DIR)/BullsEye.app/BullsEye";
			};
			name = Release;
		};
/* End XCBuildConfiguration section */

/* Begin XCConfigurationList section */
		1D8EAC9827E794150024E09F /* Build configuration list for PBXNativeTarget "BullsEyeTests" */ = {
			isa = XCConfigurationList;
			buildConfigurations = (
				1D8EAC9927E794150024E09F /* Debug */,
				1D8EAC9A27E794150024E09F /* Release */,
			);
			defaultConfigurationIsVisible = 0;
			defaultConfigurationName = Release;
		};
		1DDB3B2327E1202E006E305C /* Build configuration list for PBXProject "BullsEye" */ = {
			isa = XCConfigurationList;
			buildConfigurations = (
				1DDB3B3427E12030006E305C /* Debug */,
				1DDB3B3527E12030006E305C /* Release */,
			);
			defaultConfigurationIsVisible = 0;
			defaultConfigurationName = Release;
		};
		1DDB3B3627E12030006E305C /* Build configuration list for PBXNativeTarget "BullsEye" */ = {
			isa = XCConfigurationList;
			buildConfigurations = (
				1DDB3B3727E12030006E305C /* Debug */,
				1DDB3B3827E12030006E305C /* Release */,
			);
			defaultConfigurationIsVisible = 0;
			defaultConfigurationName = Release;
		};
		560FCB8029F1910800B02477 /* Build configuration list for PBXNativeTarget "BullsEyeSlowTests" */ = {
			isa = XCConfigurationList;
			buildConfigurations = (
				560FCB7E29F1910800B02477 /* Debug */,
				560FCB7F29F1910800B02477 /* Release */,
			);
			defaultConfigurationIsVisible = 0;
			defaultConfigurationName = Release;
		};
		5629BDC329D05840003E6EA6 /* Build configuration list for PBXNativeTarget "BullsEyeTests_1" */ = {
			isa = XCConfigurationList;
			buildConfigurations = (
				5629BDC129D05840003E6EA6 /* Debug */,
				5629BDC229D05840003E6EA6 /* Release */,
			);
			defaultConfigurationIsVisible = 0;
			defaultConfigurationName = Release;
		};
/* End XCConfigurationList section */
	};
	rootObject = 1DDB3B2027E1202E006E305C /* Project object */;
}
